
Microsoft Visual Studio Solution File, Format Version 12.00
# Visual Studio 2013
VisualStudioVersion = 12.0.31101.0
MinimumVisualStudioVersion = 10.0.40219.1
Project("{FAE04EC0-301F-11D3-BF4B-00C04F79EFBC}") = "CodeAvenueSolution", "CodeAvenueSolution\CodeAvenueSolution.csproj", "{0A0C1458-E89D-4454-83A9-6C653E52D45C}"
EndProject
Project("{FAE04EC0-301F-11D3-BF4B-00C04F79EFBC}") = "CodeAvenueSolution.Test", "..\CodeAvenue.Test\CodeAvenue.Test\CodeAvenueSolution.Test.csproj", "{C58C3BAE-0F99-465E-BB12-3EF59DDA0BA1}"
EndProject
Global
	GlobalSection(SolutionConfigurationPlatforms) = preSolution
		Debug|Any CPU = Debug|Any CPU
		Release|Any CPU = Release|Any CPU
	EndGlobalSection
	GlobalSection(ProjectConfigurationPlatforms) = postSolution
		{0A0C1458-E89D-4454-83A9-6C653E52D45C}.Debug|Any CPU.ActiveCfg = Debug|Any CPU
		{0A0C1458-E89D-4454-83A9-6C653E52D45C}.Debug|Any CPU.Build.0 = Debug|Any CPU
		{0A0C1458-E89D-4454-83A9-6C653E52D45C}.Release|Any CPU.ActiveCfg = Release|Any CPU
		{0A0C1458-E89D-4454-83A9-6C653E52D45C}.Release|Any CPU.Build.0 = Release|Any CPU
		{C58C3BAE-0F99-465E-BB12-3EF59DDA0BA1}.Debug|Any CPU.ActiveCfg = Debug|Any CPU
		{C58C3BAE-0F99-465E-BB12-3EF59DDA0BA1}.Debug|Any CPU.Build.0 = Debug|Any CPU
		{C58C3BAE-0F99-465E-BB12-3EF59DDA0BA1}.Release|Any CPU.ActiveCfg = Release|Any CPU
		{C58C3BAE-0F99-465E-BB12-3EF59DDA0BA1}.Release|Any CPU.Build.0 = Release|Any CPU
	EndGlobalSection
	GlobalSection(SolutionProperties) = preSolution
		HideSolutionNode = FALSE
	EndGlobalSection
EndGlobal
